
Microsoft Visual Studio Solution File, Format Version 12.00
# Visual Studio Version 17
VisualStudioVersion = 17.12.35527.113 d17.12
MinimumVisualStudioVersion = 10.0.40219.1
Project("{FAE04EC0-301F-11D3-BF4B-00C04F79EFBC}") = "CalculoArea", "CalculoArea\CalculoArea.csproj", "{A91808E5-64BC-4FE8-9008-91BD6A83D52A}"
EndProject
Global
	GlobalSection(SolutionConfigurationPlatforms) = preSolution
		Debug|Any CPU = Debug|Any CPU
		Release|Any CPU = Release|Any CPU
	EndGlobalSection
	GlobalSection(ProjectConfigurationPlatforms) = postSolution
		{A91808E5-64BC-4FE8-9008-91BD6A83D52A}.Debug|Any CPU.ActiveCfg = Debug|Any CPU
		{A91808E5-64BC-4FE8-9008-91BD6A83D52A}.Debug|Any CPU.Build.0 = Debug|Any CPU
		{A91808E5-64BC-4FE8-9008-91BD6A83D52A}.Release|Any CPU.ActiveCfg = Release|Any CPU
		{A91808E5-64BC-4FE8-9008-91BD6A83D52A}.Release|Any CPU.Build.0 = Release|Any CPU
	EndGlobalSection
	GlobalSection(SolutionProperties) = preSolution
		HideSolutionNode = FALSE
	EndGlobalSection
EndGlobal
